{
  "version": 4,
  "terraform_version": "1.10.5",
  "serial": 5,
  "lineage": "07fd8539-fb83-efb5-1286-d69bc71af0bf",
  "outputs": {},
  "resources": [
    {
      "mode": "data",
      "type": "yandex_compute_image",
      "name": "vm_image",
      "provider": "provider[\"registry.terraform.io/yandex-cloud/yandex\"]",
      "instances": [
        {
          "schema_version": 0,
          "attributes": {
            "created_at": "2025-02-10T11:03:43Z",
            "description": "ubuntu 20.04 lts",
            "family": "ubuntu-2004-lts",
            "folder_id": "standard-images",
            "hardware_generation": [
              {
                "generation2_features": [],
                "legacy_features": [
                  {
                    "pci_topology": "PCI_TOPOLOGY_V2"
                  }
                ]
              }
            ],
            "id": "fd893iiqs74r6om1hqa8",
            "image_id": "fd893iiqs74r6om1hqa8",
            "kms_key_id": null,
            "labels": {},
            "min_disk_size": 5,
            "name": "ubuntu-20-04-lts-v20250210",
            "os_type": "linux",
            "pooled": true,
            "product_ids": [
              "f2eom7j04ihor2dbcnao"
            ],
            "size": 4,
            "status": "ready"
          },
          "sensitive_attributes": []
        }
      ]
    },
    {
      "mode": "managed",
      "type": "yandex_compute_instance",
      "name": "clickhouse",
      "provider": "provider[\"registry.terraform.io/yandex-cloud/yandex\"]",
      "instances": [
        {
          "schema_version": 1,
          "attributes": {
            "allow_recreate": null,
            "allow_stopping_for_update": null,
            "boot_disk": [
              {
                "auto_delete": true,
                "device_name": "fhm407jd1vbba1aqfkmf",
                "disk_id": "fhm407jd1vbba1aqfkmf",
                "initialize_params": [
                  {
                    "block_size": 4096,
                    "description": "",
                    "image_id": "fd893iiqs74r6om1hqa8",
                    "kms_key_id": "",
                    "name": "",
                    "size": 5,
                    "snapshot_id": "",
                    "type": "network-hdd"
                  }
                ],
                "mode": "READ_WRITE"
              }
            ],
            "created_at": "2025-02-10T13:52:19Z",
            "description": "",
            "filesystem": [],
            "folder_id": "b1garpl59jj3pk7gke60",
            "fqdn": "fhm5tv11hm7k9cv07ooi.auto.internal",
            "gpu_cluster_id": "",
            "hardware_generation": [
              {
                "generation2_features": [],
                "legacy_features": [
                  {
                    "pci_topology": "PCI_TOPOLOGY_V2"
                  }
                ]
              }
            ],
            "hostname": "",
            "id": "fhm5tv11hm7k9cv07ooi",
            "labels": null,
            "local_disk": [],
            "maintenance_grace_period": "",
            "maintenance_policy": null,
            "metadata": {
              "ssh-keys": "root:ssh-rsa AAAAB3NzaC1yc2EAAAADAQABAAACAQCLlRuY4XK4MmbRKU8x8vXRLs14Jyi1cQnYLhIYljGoycLUdRQbUsMWZpArWCHo11VpeWIJqIt0DLhmQOyMYAGaVTgfqWM4c8SKyvPfIwY6IJlG5MsEViwHhFI8dhfEfJs1uWvcBxoOvm9Z47Oh+g9sYnDwrm+M7wf7GRqc/lFCuCcRC1HEiqvB03tUydHMUPUEaohe7bP+K6WvXow0IyPzHN8CccOXTWipZaL5SdK+xQ/taujpBHe5lHvC5hgcvKT4ktNdUw0LFMLRr5pr3FKc1/LJlgEbaKFvwHz8VSg3QMiHOg5lC5uWpTbgJt2AUnDqF4L0bg6GNpGwAm/KlPHbo9EURgu5gCeKCuNYsJVHyEWkYa3ZsgHAU5RLqTnWOn1dpb+wgd3tAuqZ98uY8yfSbUjEnKmP+AG8C8xIzz1ds+O1ocRdVd+Ls+EnXheI/R7g6Ad0/qWNDoGxXRLAlrrE0xTgApyo3VQHvUIo30+LfY50w3nbUVXNb4X5UGseKG5cxaAFxFmZ3nL1cxOJtlNrt/k5iaKwJNVZDRLcBTCqdPVmtyjs6zs+vcxgbJxi2Bb4vVSKTyXp6DMxL745c5/duAVlhgNTIHiWLuNY2z6DwTG3Q9uUt51kEiCR/8rA3sq+HbrAH+QIhP1Fkmq5v8DuLYB06CMjYjZ1lwYcdSYjMw== tvadim@core-vm"
            },
            "metadata_options": [
              {
                "aws_v1_http_endpoint": 1,
                "aws_v1_http_token": 2,
                "gce_http_endpoint": 1,
                "gce_http_token": 1
              }
            ],
            "name": "clickhouse-vm",
            "network_acceleration_type": "standard",
            "network_interface": [
              {
                "dns_record": [],
                "index": 0,
                "ip_address": "192.168.1.12",
                "ipv4": true,
                "ipv6": false,
                "ipv6_address": "",
                "ipv6_dns_record": [],
                "mac_address": "d0:0d:5e:fc:21:8d",
                "nat": true,
                "nat_dns_record": [],
                "nat_ip_address": "158.160.46.155",
                "nat_ip_version": "IPV4",
                "security_group_ids": [],
                "subnet_id": "e9bg8irhi9uqgbqdr56e"
              }
            ],
            "placement_policy": [
              {
                "host_affinity_rules": [],
                "placement_group_id": "",
                "placement_group_partition": 0
              }
            ],
            "platform_id": "standard-v3",
            "resources": [
              {
                "core_fraction": 100,
                "cores": 2,
                "gpus": 0,
                "memory": 2
              }
            ],
            "scheduling_policy": [
              {
                "preemptible": false
              }
            ],
            "secondary_disk": [],
            "service_account_id": "",
            "status": "running",
            "timeouts": null,
            "zone": "ru-central1-a"
          },
          "sensitive_attributes": [],
          "private": "eyJlMmJmYjczMC1lY2FhLTExZTYtOGY4OC0zNDM2M2JjN2M0YzAiOnsiY3JlYXRlIjozMDAwMDAwMDAwMDAsImRlbGV0ZSI6MzAwMDAwMDAwMDAwLCJ1cGRhdGUiOjMwMDAwMDAwMDAwMH0sInNjaGVtYV92ZXJzaW9uIjoiMSJ9",
          "dependencies": [
            "data.yandex_compute_image.vm_image",
            "yandex_vpc_network.network",
            "yandex_vpc_subnet.subnet"
          ]
        }
      ]
    },
    {
      "mode": "managed",
      "type": "yandex_compute_instance",
      "name": "vector",
      "provider": "provider[\"registry.terraform.io/yandex-cloud/yandex\"]",
      "instances": [
        {
          "schema_version": 1,
          "attributes": {
            "allow_recreate": null,
            "allow_stopping_for_update": null,
            "boot_disk": [
              {
                "auto_delete": true,
                "device_name": "fhmhdqlbk0c479mahjfu",
                "disk_id": "fhmhdqlbk0c479mahjfu",
                "initialize_params": [
                  {
                    "block_size": 4096,
                    "description": "",
                    "image_id": "fd893iiqs74r6om1hqa8",
                    "kms_key_id": "",
                    "name": "",
                    "size": 5,
                    "snapshot_id": "",
                    "type": "network-hdd"
                  }
                ],
                "mode": "READ_WRITE"
              }
            ],
            "created_at": "2025-02-10T13:52:19Z",
            "description": "",
            "filesystem": [],
            "folder_id": "b1garpl59jj3pk7gke60",
            "fqdn": "fhmsp46rubug37iafonb.auto.internal",
            "gpu_cluster_id": "",
            "hardware_generation": [
              {
                "generation2_features": [],
                "legacy_features": [
                  {
                    "pci_topology": "PCI_TOPOLOGY_V2"
                  }
                ]
              }
            ],
            "hostname": "",
            "id": "fhmsp46rubug37iafonb",
            "labels": null,
            "local_disk": [],
            "maintenance_grace_period": "",
            "maintenance_policy": null,
            "metadata": {
              "ssh-keys": "root:ssh-rsa AAAAB3NzaC1yc2EAAAADAQABAAACAQCLlRuY4XK4MmbRKU8x8vXRLs14Jyi1cQnYLhIYljGoycLUdRQbUsMWZpArWCHo11VpeWIJqIt0DLhmQOyMYAGaVTgfqWM4c8SKyvPfIwY6IJlG5MsEViwHhFI8dhfEfJs1uWvcBxoOvm9Z47Oh+g9sYnDwrm+M7wf7GRqc/lFCuCcRC1HEiqvB03tUydHMUPUEaohe7bP+K6WvXow0IyPzHN8CccOXTWipZaL5SdK+xQ/taujpBHe5lHvC5hgcvKT4ktNdUw0LFMLRr5pr3FKc1/LJlgEbaKFvwHz8VSg3QMiHOg5lC5uWpTbgJt2AUnDqF4L0bg6GNpGwAm/KlPHbo9EURgu5gCeKCuNYsJVHyEWkYa3ZsgHAU5RLqTnWOn1dpb+wgd3tAuqZ98uY8yfSbUjEnKmP+AG8C8xIzz1ds+O1ocRdVd+Ls+EnXheI/R7g6Ad0/qWNDoGxXRLAlrrE0xTgApyo3VQHvUIo30+LfY50w3nbUVXNb4X5UGseKG5cxaAFxFmZ3nL1cxOJtlNrt/k5iaKwJNVZDRLcBTCqdPVmtyjs6zs+vcxgbJxi2Bb4vVSKTyXp6DMxL745c5/duAVlhgNTIHiWLuNY2z6DwTG3Q9uUt51kEiCR/8rA3sq+HbrAH+QIhP1Fkmq5v8DuLYB06CMjYjZ1lwYcdSYjMw== tvadim@core-vm"
            },
            "metadata_options": [
              {
                "aws_v1_http_endpoint": 1,
                "aws_v1_http_token": 2,
                "gce_http_endpoint": 1,
                "gce_http_token": 1
              }
            ],
            "name": "vector-vm",
            "network_acceleration_type": "standard",
            "network_interface": [
              {
                "dns_record": [],
                "index": 0,
                "ip_address": "192.168.1.5",
                "ipv4": true,
                "ipv6": false,
                "ipv6_address": "",
                "ipv6_dns_record": [],
                "mac_address": "d0:0d:1c:c9:0d:bf",
                "nat": true,
                "nat_dns_record": [],
                "nat_ip_address": "158.160.40.203",
                "nat_ip_version": "IPV4",
                "security_group_ids": [],
                "subnet_id": "e9bg8irhi9uqgbqdr56e"
              }
            ],
            "placement_policy": [
              {
                "host_affinity_rules": [],
                "placement_group_id": "",
                "placement_group_partition": 0
              }
            ],
            "platform_id": "standard-v3",
            "resources": [
              {
                "core_fraction": 100,
                "cores": 2,
                "gpus": 0,
                "memory": 2
              }
            ],
            "scheduling_policy": [
              {
                "preemptible": false
              }
            ],
            "secondary_disk": [],
            "service_account_id": "",
            "status": "running",
            "timeouts": null,
            "zone": "ru-central1-a"
          },
          "sensitive_attributes": [],
          "private": "eyJlMmJmYjczMC1lY2FhLTExZTYtOGY4OC0zNDM2M2JjN2M0YzAiOnsiY3JlYXRlIjozMDAwMDAwMDAwMDAsImRlbGV0ZSI6MzAwMDAwMDAwMDAwLCJ1cGRhdGUiOjMwMDAwMDAwMDAwMH0sInNjaGVtYV92ZXJzaW9uIjoiMSJ9",
          "dependencies": [
            "data.yandex_compute_image.vm_image",
            "yandex_vpc_network.network",
            "yandex_vpc_subnet.subnet"
          ]
        }
      ]
    },
    {
      "mode": "managed",
      "type": "yandex_vpc_network",
      "name": "network",
      "provider": "provider[\"registry.terraform.io/yandex-cloud/yandex\"]",
      "instances": [
        {
          "schema_version": 0,
          "attributes": {
            "created_at": "2025-02-10T13:52:15Z",
            "default_security_group_id": "enpf9d4r5bda2a80hif3",
            "description": "",
            "folder_id": "b1garpl59jj3pk7gke60",
            "id": "enpihhto3ppa6747aq18",
            "labels": {},
            "name": "my-network",
            "subnet_ids": [],
            "timeouts": null
          },
          "sensitive_attributes": [],
          "private": "eyJlMmJmYjczMC1lY2FhLTExZTYtOGY4OC0zNDM2M2JjN2M0YzAiOnsiY3JlYXRlIjo2MDAwMDAwMDAwMCwiZGVsZXRlIjo2MDAwMDAwMDAwMCwidXBkYXRlIjo2MDAwMDAwMDAwMH19"
        }
      ]
    },
    {
      "mode": "managed",
      "type": "yandex_vpc_subnet",
      "name": "subnet",
      "provider": "provider[\"registry.terraform.io/yandex-cloud/yandex\"]",
      "instances": [
        {
          "schema_version": 0,
          "attributes": {
            "created_at": "2025-02-10T13:52:18Z",
            "description": "",
            "dhcp_options": [],
            "folder_id": "b1garpl59jj3pk7gke60",
            "id": "e9bg8irhi9uqgbqdr56e",
            "labels": {},
            "name": "my-subnet",
            "network_id": "enpihhto3ppa6747aq18",
            "route_table_id": "",
            "timeouts": null,
            "v4_cidr_blocks": [
              "192.168.1.0/24"
            ],
            "v6_cidr_blocks": [],
            "zone": "ru-central1-a"
          },
          "sensitive_attributes": [],
          "private": "eyJlMmJmYjczMC1lY2FhLTExZTYtOGY4OC0zNDM2M2JjN2M0YzAiOnsiY3JlYXRlIjoxODAwMDAwMDAwMDAsImRlbGV0ZSI6MTgwMDAwMDAwMDAwLCJ1cGRhdGUiOjE4MDAwMDAwMDAwMH19",
          "dependencies": [
            "yandex_vpc_network.network"
          ]
        }
      ]
    }
  ],
  "check_results": null
}
